
Microsoft Visual Studio Solution File, Format Version 12.00
# Visual Studio Version 17
VisualStudioVersion = 17.3.32825.248
MinimumVisualStudioVersion = 10.0.40219.1
Project("{FAE04EC0-301F-11D3-BF4B-00C04F79EFBC}") = "FactoryPattern", "FactoryPattern\FactoryPattern.csproj", "{C9136D40-306C-493C-BE55-E27E34894422}"
EndProject
Global
	GlobalSection(SolutionConfigurationPlatforms) = preSolution
		Debug|Any CPU = Debug|Any CPU
		Release|Any CPU = Release|Any CPU
	EndGlobalSection
	GlobalSection(ProjectConfigurationPlatforms) = postSolution
		{C9136D40-306C-493C-BE55-E27E34894422}.Debug|Any CPU.ActiveCfg = Debug|Any CPU
		{C9136D40-306C-493C-BE55-E27E34894422}.Debug|Any CPU.Build.0 = Debug|Any CPU
		{C9136D40-306C-493C-BE55-E27E34894422}.Release|Any CPU.ActiveCfg = Release|Any CPU
		{C9136D40-306C-493C-BE55-E27E34894422}.Release|Any CPU.Build.0 = Release|Any CPU
	EndGlobalSection
	GlobalSection(SolutionProperties) = preSolution
		HideSolutionNode = FALSE
	EndGlobalSection
	GlobalSection(ExtensibilityGlobals) = postSolution
		SolutionGuid = {CF0E3230-EDD9-47F9-9837-24B8432F001D}
	EndGlobalSection
EndGlobal
